<?xml version="1.0" encoding="utf-8"?>
<Project ToolsVersion="4.0" xmlns="http://schemas.microsoft.com/developer/msbuild/2003">
  <ItemGroup>
    <Filter Include="Resource Files">
      <UniqueIdentifier>{67DA6AB6-F800-4c08-8B7A-83BB121AAD01}</UniqueIdentifier>
      <Extensions>rc;ico;cur;bmp;dlg;rc2;rct;bin;rgs;gif;jpg;jpeg;jpe;resx;tiff;tif;png;wav;mfcribbon-ms</Extensions>
    </Filter>
    <Filter Include="Code">
      <UniqueIdentifier>{f7b48198-ef5d-4d4a-b03a-0c5789504dfe}</UniqueIdentifier>
    </Filter>
    <Filter Include="Code\Headers">
      <UniqueIdentifier>{5d9fcb12-c918-423f-91c4-15d1cff0e03b}</UniqueIdentifier>
    </Filter>
    <Filter Include="Code\Source">
      <UniqueIdentifier>{b2722e8f-d737-4f0b-8bc9-cd045d5dd5b7}</UniqueIdentifier>
    </Filter>
  </ItemGroup>
  <ItemGroup>
    <ClCompile Include="AudioVizualizer.cpp">
      <Filter>Code\Source</Filter>
    </ClCompile>
    <ClCompile Include="Buttons.cpp">
      <Filter>Code\Source</Filter>
    </ClCompile>
    <ClCompile Include="Menu.cpp">
      <Filter>Code\Source</Filter>
    </ClCompile>
    <ClCompile Include="Modes.cpp">
      <Filter>Code\Source</Filter>
    </ClCompile>
    <ClCompile Include="SongDatabase.cpp">
      <Filter>Code\Source</Filter>
    </ClCompile>
    <ClCompile Include="Vizualizer.cpp">
      <Filter>Code\Source</Filter>
    </ClCompile>
  </ItemGroup>
  <ItemGroup>
    <ClInclude Include="Vizualizer.h">
      <Filter>Code\Headers</Filter>
    </ClInclude>
    <ClInclude Include="SongDatabase.h">
      <Filter>Code\Headers</Filter>
    </ClInclude>
    <ClInclude Include="Modes.h">
      <Filter>Code\Headers</Filter>
    </ClInclude>
    <ClInclude Include="Menu.h">
      <Filter>Code\Headers</Filter>
    </ClInclude>
  </ItemGroup>
</Project>