<?xml version="1.0" encoding="utf-8"?>
<Project ToolsVersion="4.0" xmlns="http://schemas.microsoft.com/developer/msbuild/2003">
  <ItemGroup>
    <Filter Include="Resource Files">
      <UniqueIdentifier>{67DA6AB6-F800-4c08-8B7A-83BB121AAD01}</UniqueIdentifier>
      <Extensions>rc;ico;cur;bmp;dlg;rc2;rct;bin;rgs;gif;jpg;jpeg;jpe;resx;tiff;tif;png;wav;mfcribbon-ms</Extensions>
    </Filter>
    <Filter Include="Code">
      <UniqueIdentifier>{889ee60c-9263-4386-972a-2115cf179553}</UniqueIdentifier>
    </Filter>
    <Filter Include="Code\Headers">
      <UniqueIdentifier>{5983c85a-b655-4c90-bbb2-4426bd873d0a}</UniqueIdentifier>
    </Filter>
    <Filter Include="Code\Source Code">
      <UniqueIdentifier>{3cee4fd8-890f-46a6-b7ec-8044813fe7d5}</UniqueIdentifier>
    </Filter>
    <Filter Include="Libraries">
      <UniqueIdentifier>{e0861449-319c-4a02-8391-30252a8ad8b4}</UniqueIdentifier>
    </Filter>
  </ItemGroup>
  <ItemGroup>
    <ClInclude Include="Code\Headerss\Menu.h">
      <Filter>Code\Headers</Filter>
    </ClInclude>
    <ClInclude Include="Code\Headerss\SoundProcessor.h">
      <Filter>Code\Headers</Filter>
    </ClInclude>
    <ClInclude Include="Code\Headerss\SongDatabase.h">
      <Filter>Code\Headers</Filter>
    </ClInclude>
    <ClInclude Include="Code\Headerss\Modes.h">
      <Filter>Code\Headers</Filter>
    </ClInclude>
    <ClInclude Include="Code\Headerss\Vizualizer.h">
      <Filter>Code\Headers</Filter>
    </ClInclude>
  </ItemGroup>
  <ItemGroup>
    <ClCompile Include="Code\Source Code\AudioVizualizer.cpp">
      <Filter>Code\Source Code</Filter>
    </ClCompile>
    <ClCompile Include="Code\Source Code\Buttons.cpp">
      <Filter>Code\Source Code</Filter>
    </ClCompile>
    <ClCompile Include="Code\Source Code\Menu.cpp">
      <Filter>Code\Source Code</Filter>
    </ClCompile>
    <ClCompile Include="Code\Source Code\Modes.cpp">
      <Filter>Code\Source Code</Filter>
    </ClCompile>
    <ClCompile Include="Code\Source Code\SongDatabase.cpp">
      <Filter>Code\Source Code</Filter>
    </ClCompile>
    <ClCompile Include="Code\Source Code\Vizualizer.cpp">
      <Filter>Code\Source Code</Filter>
    </ClCompile>
  </ItemGroup>
  <ItemGroup>
    <CopyFileToFolders Include="SFML-2.5.1\openal32.dll">
      <Filter>Libraries</Filter>
    </CopyFileToFolders>
  </ItemGroup>
  <ItemGroup>
    <None Include="SFML-2.5.1\sfml-window-d-2.dll">
      <Filter>Libraries</Filter>
    </None>
    <None Include="SFML-2.5.1\sfml-system-d-2.dll">
      <Filter>Libraries</Filter>
    </None>
    <None Include="SFML-2.5.1\sfml-graphics-d-2.dll">
      <Filter>Libraries</Filter>
    </None>
    <None Include="SFML-2.5.1\sfml-audio-d-2.dll">
      <Filter>Libraries</Filter>
    </None>
    <None Include="SFML-2.5.1\sfml-window-2.dll">
      <Filter>Libraries</Filter>
    </None>
    <None Include="SFML-2.5.1\sfml-system-2.dll">
      <Filter>Libraries</Filter>
    </None>
    <None Include="SFML-2.5.1\sfml-graphics-2.dll">
      <Filter>Libraries</Filter>
    </None>
    <None Include="SFML-2.5.1\sfml-audio-2.dll">
      <Filter>Libraries</Filter>
    </None>
  </ItemGroup>
</Project>